# This file is automatically @generated by Wally.
# It is not intended for manual editing.
registry = "test"

[[package]]
name = "kp/smartracingsimai"
version = "0.1.0"
dependencies = [["draggerframework", "stravant/draggerframework@0.1.4"]]

[[package]]
name = "roblox/roact"
version = "1.4.4"
dependencies = []

[[package]]
name = "stravant/draggerframework"
version = "0.1.4"
dependencies = [["Roact", "roblox/roact@1.4.4"]]
